
Microsoft Visual Studio Solution File, Format Version 12.00
# Visual Studio Version 17
VisualStudioVersion = 17.3.32825.248
MinimumVisualStudioVersion = 10.0.40219.1
Project("{FAE04EC0-301F-11D3-BF4B-00C04F79EFBC}") = "App6.Android", "App6.Android\App6.Android.csproj", "{6F51DB09-F577-4F79-801F-385C0CC6AAEF}"
EndProject
Project("{FAE04EC0-301F-11D3-BF4B-00C04F79EFBC}") = "App6.iOS", "App6.iOS\App6.iOS.csproj", "{CFC02571-72FF-4A9E-B26E-7C505E859CC2}"
EndProject
Project("{9A19103F-16F7-4668-BE54-9A1E7A4F7556}") = "App6", "App6\App6.csproj", "{CBA2B37C-1856-40FD-8789-63077AC6D3F1}"
EndProject
Global
	GlobalSection(SolutionConfigurationPlatforms) = preSolution
		Debug|Any CPU = Debug|Any CPU
		Debug|iPhone = Debug|iPhone
		Debug|iPhoneSimulator = Debug|iPhoneSimulator
		Release|Any CPU = Release|Any CPU
		Release|iPhone = Release|iPhone
		Release|iPhoneSimulator = Release|iPhoneSimulator
	EndGlobalSection
	GlobalSection(ProjectConfigurationPlatforms) = postSolution
		{6F51DB09-F577-4F79-801F-385C0CC6AAEF}.Debug|Any CPU.ActiveCfg = Debug|Any CPU
		{6F51DB09-F577-4F79-801F-385C0CC6AAEF}.Debug|Any CPU.Build.0 = Debug|Any CPU
		{6F51DB09-F577-4F79-801F-385C0CC6AAEF}.Debug|Any CPU.Deploy.0 = Debug|Any CPU
		{6F51DB09-F577-4F79-801F-385C0CC6AAEF}.Debug|iPhone.ActiveCfg = Debug|Any CPU
		{6F51DB09-F577-4F79-801F-385C0CC6AAEF}.Debug|iPhone.Build.0 = Debug|Any CPU
		{6F51DB09-F577-4F79-801F-385C0CC6AAEF}.Debug|iPhone.Deploy.0 = Debug|Any CPU
		{6F51DB09-F577-4F79-801F-385C0CC6AAEF}.Debug|iPhoneSimulator.ActiveCfg = Debug|Any CPU
		{6F51DB09-F577-4F79-801F-385C0CC6AAEF}.Debug|iPhoneSimulator.Build.0 = Debug|Any CPU
		{6F51DB09-F577-4F79-801F-385C0CC6AAEF}.Debug|iPhoneSimulator.Deploy.0 = Debug|Any CPU
		{6F51DB09-F577-4F79-801F-385C0CC6AAEF}.Release|Any CPU.ActiveCfg = Release|Any CPU
		{6F51DB09-F577-4F79-801F-385C0CC6AAEF}.Release|Any CPU.Build.0 = Release|Any CPU
		{6F51DB09-F577-4F79-801F-385C0CC6AAEF}.Release|Any CPU.Deploy.0 = Release|Any CPU
		{6F51DB09-F577-4F79-801F-385C0CC6AAEF}.Release|iPhone.ActiveCfg = Release|Any CPU
		{6F51DB09-F577-4F79-801F-385C0CC6AAEF}.Release|iPhone.Build.0 = Release|Any CPU
		{6F51DB09-F577-4F79-801F-385C0CC6AAEF}.Release|iPhone.Deploy.0 = Release|Any CPU
		{6F51DB09-F577-4F79-801F-385C0CC6AAEF}.Release|iPhoneSimulator.ActiveCfg = Release|Any CPU
		{6F51DB09-F577-4F79-801F-385C0CC6AAEF}.Release|iPhoneSimulator.Build.0 = Release|Any CPU
		{6F51DB09-F577-4F79-801F-385C0CC6AAEF}.Release|iPhoneSimulator.Deploy.0 = Release|Any CPU
		{CFC02571-72FF-4A9E-B26E-7C505E859CC2}.Debug|Any CPU.ActiveCfg = Debug|iPhone
		{CFC02571-72FF-4A9E-B26E-7C505E859CC2}.Debug|Any CPU.Build.0 = Debug|iPhone
		{CFC02571-72FF-4A9E-B26E-7C505E859CC2}.Debug|Any CPU.Deploy.0 = Debug|iPhone
		{CFC02571-72FF-4A9E-B26E-7C505E859CC2}.Debug|iPhone.ActiveCfg = Debug|iPhone
		{CFC02571-72FF-4A9E-B26E-7C505E859CC2}.Debug|iPhone.Build.0 = Debug|iPhone
		{CFC02571-72FF-4A9E-B26E-7C505E859CC2}.Debug|iPhone.Deploy.0 = Debug|iPhone
		{CFC02571-72FF-4A9E-B26E-7C505E859CC2}.Debug|iPhoneSimulator.ActiveCfg = Debug|iPhoneSimulator
		{CFC02571-72FF-4A9E-B26E-7C505E859CC2}.Debug|iPhoneSimulator.Build.0 = Debug|iPhoneSimulator
		{CFC02571-72FF-4A9E-B26E-7C505E859CC2}.Debug|iPhoneSimulator.Deploy.0 = Debug|iPhoneSimulator
		{CFC02571-72FF-4A9E-B26E-7C505E859CC2}.Release|Any CPU.ActiveCfg = Release|iPhoneSimulator
		{CFC02571-72FF-4A9E-B26E-7C505E859CC2}.Release|Any CPU.Build.0 = Release|iPhoneSimulator
		{CFC02571-72FF-4A9E-B26E-7C505E859CC2}.Release|Any CPU.Deploy.0 = Release|iPhoneSimulator
		{CFC02571-72FF-4A9E-B26E-7C505E859CC2}.Release|iPhone.ActiveCfg = Release|iPhone
		{CFC02571-72FF-4A9E-B26E-7C505E859CC2}.Release|iPhone.Build.0 = Release|iPhone
		{CFC02571-72FF-4A9E-B26E-7C505E859CC2}.Release|iPhone.Deploy.0 = Release|iPhone
		{CFC02571-72FF-4A9E-B26E-7C505E859CC2}.Release|iPhoneSimulator.ActiveCfg = Release|iPhoneSimulator
		{CFC02571-72FF-4A9E-B26E-7C505E859CC2}.Release|iPhoneSimulator.Build.0 = Release|iPhoneSimulator
		{CFC02571-72FF-4A9E-B26E-7C505E859CC2}.Release|iPhoneSimulator.Deploy.0 = Release|iPhoneSimulator
		{CBA2B37C-1856-40FD-8789-63077AC6D3F1}.Debug|Any CPU.ActiveCfg = Debug|Any CPU
		{CBA2B37C-1856-40FD-8789-63077AC6D3F1}.Debug|Any CPU.Build.0 = Debug|Any CPU
		{CBA2B37C-1856-40FD-8789-63077AC6D3F1}.Debug|Any CPU.Deploy.0 = Debug|Any CPU
		{CBA2B37C-1856-40FD-8789-63077AC6D3F1}.Debug|iPhone.ActiveCfg = Debug|Any CPU
		{CBA2B37C-1856-40FD-8789-63077AC6D3F1}.Debug|iPhone.Build.0 = Debug|Any CPU
		{CBA2B37C-1856-40FD-8789-63077AC6D3F1}.Debug|iPhone.Deploy.0 = Debug|Any CPU
		{CBA2B37C-1856-40FD-8789-63077AC6D3F1}.Debug|iPhoneSimulator.ActiveCfg = Debug|Any CPU
		{CBA2B37C-1856-40FD-8789-63077AC6D3F1}.Debug|iPhoneSimulator.Build.0 = Debug|Any CPU
		{CBA2B37C-1856-40FD-8789-63077AC6D3F1}.Debug|iPhoneSimulator.Deploy.0 = Debug|Any CPU
		{CBA2B37C-1856-40FD-8789-63077AC6D3F1}.Release|Any CPU.ActiveCfg = Release|Any CPU
		{CBA2B37C-1856-40FD-8789-63077AC6D3F1}.Release|Any CPU.Build.0 = Release|Any CPU
		{CBA2B37C-1856-40FD-8789-63077AC6D3F1}.Release|Any CPU.Deploy.0 = Release|Any CPU
		{CBA2B37C-1856-40FD-8789-63077AC6D3F1}.Release|iPhone.ActiveCfg = Release|Any CPU
		{CBA2B37C-1856-40FD-8789-63077AC6D3F1}.Release|iPhone.Build.0 = Release|Any CPU
		{CBA2B37C-1856-40FD-8789-63077AC6D3F1}.Release|iPhone.Deploy.0 = Release|Any CPU
		{CBA2B37C-1856-40FD-8789-63077AC6D3F1}.Release|iPhoneSimulator.ActiveCfg = Release|Any CPU
		{CBA2B37C-1856-40FD-8789-63077AC6D3F1}.Release|iPhoneSimulator.Build.0 = Release|Any CPU
		{CBA2B37C-1856-40FD-8789-63077AC6D3F1}.Release|iPhoneSimulator.Deploy.0 = Release|Any CPU
	EndGlobalSection
	GlobalSection(SolutionProperties) = preSolution
		HideSolutionNode = FALSE
	EndGlobalSection
	GlobalSection(ExtensibilityGlobals) = postSolution
		SolutionGuid = {EB1EF869-F633-4294-90E1-D2CA71A56C72}
	EndGlobalSection
EndGlobal
